
Microsoft Visual Studio Solution File, Format Version 12.00
# Visual Studio Version 17
VisualStudioVersion = 17.6.33815.320
MinimumVisualStudioVersion = 10.0.40219.1
Project("{8BC9CEB8-8B4A-11D0-8D11-00A0C91BC942}") = "MusicGocha", "MusicGocha\MusicGocha.vcxproj", "{21C6C195-1B52-4D57-8C19-D82FD2516315}"
EndProject
Global
	GlobalSection(SolutionConfigurationPlatforms) = preSolution
		Debug|x64 = Debug|x64
		Debug|x86 = Debug|x86
		Release_x86|x64 = Release_x86|x64
		Release_x86|x86 = Release_x86|x86
		Release|x64 = Release|x64
		Release|x86 = Release|x86
	EndGlobalSection
	GlobalSection(ProjectConfigurationPlatforms) = postSolution
		{21C6C195-1B52-4D57-8C19-D82FD2516315}.Debug|x64.ActiveCfg = Debug|x64
		{21C6C195-1B52-4D57-8C19-D82FD2516315}.Debug|x64.Build.0 = Debug|x64
		{21C6C195-1B52-4D57-8C19-D82FD2516315}.Debug|x86.ActiveCfg = Debug|x64
		{21C6C195-1B52-4D57-8C19-D82FD2516315}.Debug|x86.Build.0 = Debug|x64
		{21C6C195-1B52-4D57-8C19-D82FD2516315}.Release_x86|x64.ActiveCfg = Release_x86|Win32
		{21C6C195-1B52-4D57-8C19-D82FD2516315}.Release_x86|x64.Build.0 = Release_x86|Win32
		{21C6C195-1B52-4D57-8C19-D82FD2516315}.Release_x86|x86.ActiveCfg = Release_x86|Win32
		{21C6C195-1B52-4D57-8C19-D82FD2516315}.Release_x86|x86.Build.0 = Release_x86|Win32
		{21C6C195-1B52-4D57-8C19-D82FD2516315}.Release|x64.ActiveCfg = Release|x64
		{21C6C195-1B52-4D57-8C19-D82FD2516315}.Release|x64.Build.0 = Release|x64
		{21C6C195-1B52-4D57-8C19-D82FD2516315}.Release|x86.ActiveCfg = Release|x64
		{21C6C195-1B52-4D57-8C19-D82FD2516315}.Release|x86.Build.0 = Release|x64
	EndGlobalSection
	GlobalSection(SolutionProperties) = preSolution
		HideSolutionNode = FALSE
	EndGlobalSection
	GlobalSection(ExtensibilityGlobals) = postSolution
		SolutionGuid = {633497EE-9BEE-4BC9-8F06-3D13EBB955D5}
	EndGlobalSection
EndGlobal
