<?xml version="1.0" encoding="utf-8"?>
<Project ToolsVersion="4.0" xmlns="http://schemas.microsoft.com/developer/msbuild/2003">
  <ItemGroup>
    <Filter Include="Documents">
      <UniqueIdentifier>{31b379a4-1a30-43e2-99bb-7644bfd25e4b}</UniqueIdentifier>
    </Filter>
    <Filter Include="code">
      <UniqueIdentifier>{21d9b5ae-e793-4527-9d90-934686ee42ea}</UniqueIdentifier>
    </Filter>
    <Filter Include="code\OnlineSearcher">
      <UniqueIdentifier>{b6da10d8-9586-4b50-8984-e3aa3769da62}</UniqueIdentifier>
    </Filter>
    <Filter Include="code\RootWindow">
      <UniqueIdentifier>{b637f347-11f7-4279-912d-b72204410284}</UniqueIdentifier>
    </Filter>
    <Filter Include="configs">
      <UniqueIdentifier>{16ec6814-1c96-45a5-b0a0-20a6495add34}</UniqueIdentifier>
    </Filter>
    <Filter Include="code\ConfigManager">
      <UniqueIdentifier>{f109db95-f7c5-4bda-b17d-9827c2453c34}</UniqueIdentifier>
    </Filter>
    <Filter Include="code\widgets">
      <UniqueIdentifier>{ab78c6dc-eb9f-4b58-8378-ccfeba1f3aae}</UniqueIdentifier>
    </Filter>
    <Filter Include="Resources">
      <UniqueIdentifier>{9d75d057-38b4-45c8-81a4-bd13de8b7989}</UniqueIdentifier>
    </Filter>
    <Filter Include="code\OnlineSearcher\ui">
      <UniqueIdentifier>{e8a22f13-dec8-4ac7-83f3-ce64309d4c94}</UniqueIdentifier>
    </Filter>
  </ItemGroup>
  <ItemGroup>
    <Text Include="docs\devlog.txt">
      <Filter>Documents</Filter>
    </Text>
    <Text Include="docs\config_key.txt">
      <Filter>Documents</Filter>
    </Text>
  </ItemGroup>
  <ItemGroup>
    <ClCompile Include="src\code\ControlHub.cpp">
      <Filter>code</Filter>
    </ClCompile>
    <ClCompile Include="src\code\main.cpp">
      <Filter>code</Filter>
    </ClCompile>
    <ClCompile Include="src\code\RootWindow\RootWindow.cpp">
      <Filter>code\RootWindow</Filter>
    </ClCompile>
    <ClCompile Include="src\code\OnlineSearcher\OnlineSearcherW.cpp">
      <Filter>code\OnlineSearcher</Filter>
    </ClCompile>
    <ClCompile Include="src\code\OnlineSearcher\OnlineSearcherC.cpp">
      <Filter>code\OnlineSearcher</Filter>
    </ClCompile>
    <ClCompile Include="src\code\basics.cpp">
      <Filter>code</Filter>
    </ClCompile>
    <ClCompile Include="src\code\ConfigManager\ConfigManager.cpp">
      <Filter>code\ConfigManager</Filter>
    </ClCompile>
    <ClCompile Include="src\code\widgets\DialogBox.cpp">
      <Filter>code\widgets</Filter>
    </ClCompile>
    <ClCompile Include="src\code\OnlineSearcher\OnlineSearchEngine.cpp">
      <Filter>code\OnlineSearcher</Filter>
    </ClCompile>
  </ItemGroup>
  <ItemGroup>
    <ClInclude Include="src\code\ControlHub.h">
      <Filter>code</Filter>
    </ClInclude>
    <ClInclude Include="src\code\basics.h">
      <Filter>code</Filter>
    </ClInclude>
    <ClInclude Include="src\code\ConfigManager\ConfigManager.h">
      <Filter>code\ConfigManager</Filter>
    </ClInclude>
    <ClInclude Include="src\code\widgets\DialogBox.h">
      <Filter>code\widgets</Filter>
    </ClInclude>
  </ItemGroup>
  <ItemGroup>
    <QtMoc Include="src\code\RootWindow\RootWindow.h">
      <Filter>code\RootWindow</Filter>
    </QtMoc>
    <QtMoc Include="src\code\OnlineSearcher\OnlineSearcherC.h">
      <Filter>code\OnlineSearcher</Filter>
    </QtMoc>
    <QtMoc Include="src\code\OnlineSearcher\OnlineSearcherW.h">
      <Filter>code\OnlineSearcher</Filter>
    </QtMoc>
    <QtMoc Include="src\code\OnlineSearcher\OnlineSearchEngine.h">
      <Filter>code\OnlineSearcher</Filter>
    </QtMoc>
  </ItemGroup>
  <ItemGroup>
    <QtUic Include="src\ui\RootWindow.ui">
      <Filter>code\RootWindow</Filter>
    </QtUic>
    <QtUic Include="src\ui\DialogBox.ui">
      <Filter>code\widgets</Filter>
    </QtUic>
    <QtUic Include="src\ui\OnlineSearcher\OnlineSearcherU.ui">
      <Filter>code\OnlineSearcher\ui</Filter>
    </QtUic>
    <QtUic Include="src\ui\OnlineSearcher\SearchResultU.ui">
      <Filter>code\OnlineSearcher\ui</Filter>
    </QtUic>
  </ItemGroup>
  <ItemGroup>
    <None Include="configs\config.mtd">
      <Filter>configs</Filter>
    </None>
    <None Include="configs\style.qss">
      <Filter>configs</Filter>
    </None>
  </ItemGroup>
  <ItemGroup>
    <QtRcc Include="res\MUG.qrc">
      <Filter>Resources</Filter>
    </QtRcc>
  </ItemGroup>
</Project>